// !$*UTF8*$!
{
	archiveVersion = 1;
	classes = {
	};
	objectVersion = 51;
	objects = {

/* Begin PBXBuildFile section */
		812A416826443FA60075B756 /* AppDelegate.swift in Sources */ = {isa = PBXBuildFile; fileRef = 812A416726443FA60075B756 /* AppDelegate.swift */; };
		812A416F26443FA60075B756 /* Main.storyboard in Resources */ = {isa = PBXBuildFile; fileRef = 812A416D26443FA60075B756 /* Main.storyboard */; };
		812A417126443FA60075B756 /* Assets.xcassets in Resources */ = {isa = PBXBuildFile; fileRef = 812A417026443FA60075B756 /* Assets.xcassets */; };
		812A417426443FA60075B756 /* LaunchScreen.storyboard in Resources */ = {isa = PBXBuildFile; fileRef = 812A417226443FA60075B756 /* LaunchScreen.storyboard */; };
		812A4198264480C00075B756 /* WaWeTests.swift in Sources */ = {isa = PBXBuildFile; fileRef = 812A4197264480C00075B756 /* WaWeTests.swift */; };
		812A41A0264485870075B756 /* TabBarViewController.swift in Sources */ = {isa = PBXBuildFile; fileRef = 812A419F264485870075B756 /* TabBarViewController.swift */; };
		812A41A4264485D90075B756 /* RealmDataManager.swift in Sources */ = {isa = PBXBuildFile; fileRef = 812A41A2264485D90075B756 /* RealmDataManager.swift */; };
		812A41A5264485D90075B756 /* Recipes.swift in Sources */ = {isa = PBXBuildFile; fileRef = 812A41A3264485D90075B756 /* Recipes.swift */; };
		81CB69382644892700F8F0BF /* RecipeServices.swift in Sources */ = {isa = PBXBuildFile; fileRef = 81CB69352644892700F8F0BF /* RecipeServices.swift */; };
		81CB69392644892700F8F0BF /* ParametersSupportedBySpoonacular.swift in Sources */ = {isa = PBXBuildFile; fileRef = 81CB69362644892700F8F0BF /* ParametersSupportedBySpoonacular.swift */; };
		81CB693A2644892700F8F0BF /* Spoonacular.swift in Sources */ = {isa = PBXBuildFile; fileRef = 81CB69372644892700F8F0BF /* Spoonacular.swift */; };
		81CB693E264489F800F8F0BF /* Translate.swift in Sources */ = {isa = PBXBuildFile; fileRef = 81CB693C264489F800F8F0BF /* Translate.swift */; };
		81CB693F264489F800F8F0BF /* TranslateServices.swift in Sources */ = {isa = PBXBuildFile; fileRef = 81CB693D264489F800F8F0BF /* TranslateServices.swift */; };
		81CB694126448A6100F8F0BF /* ApiKey.swift in Sources */ = {isa = PBXBuildFile; fileRef = 81CB694026448A6100F8F0BF /* ApiKey.swift */; };
		B0BF079A32E6D983C7A8047A /* Pods_WaWe_WaWeTests.framework in Frameworks */ = {isa = PBXBuildFile; fileRef = C29890B937987CADBBEB6747 /* Pods_WaWe_WaWeTests.framework */; };
		EB584BE8D66E3AE2C3CFD3F9 /* Pods_WaWe.framework in Frameworks */ = {isa = PBXBuildFile; fileRef = B5F84DC7F96F960153BCD686 /* Pods_WaWe.framework */; };
/* End PBXBuildFile section */

/* Begin PBXContainerItemProxy section */
		812A419A264480C00075B756 /* PBXContainerItemProxy */ = {
			isa = PBXContainerItemProxy;
			containerPortal = 812A415C26443FA60075B756 /* Project object */;
			proxyType = 1;
			remoteGlobalIDString = 812A416326443FA60075B756;
			remoteInfo = WaWe;
		};
/* End PBXContainerItemProxy section */

/* Begin PBXFileReference section */
		506ED3C707B6477154379224 /* Pods-WaWe.debug.xcconfig */ = {isa = PBXFileReference; includeInIndex = 1; lastKnownFileType = text.xcconfig; name = "Pods-WaWe.debug.xcconfig"; path = "Target Support Files/Pods-WaWe/Pods-WaWe.debug.xcconfig"; sourceTree = "<group>"; };
		6F1A19B694D4FD4E0B02744F /* Pods-WaWe-WaWeTests.release.xcconfig */ = {isa = PBXFileReference; includeInIndex = 1; lastKnownFileType = text.xcconfig; name = "Pods-WaWe-WaWeTests.release.xcconfig"; path = "Target Support Files/Pods-WaWe-WaWeTests/Pods-WaWe-WaWeTests.release.xcconfig"; sourceTree = "<group>"; };
		812A416426443FA60075B756 /* WaWe.app */ = {isa = PBXFileReference; explicitFileType = wrapper.application; includeInIndex = 0; path = WaWe.app; sourceTree = BUILT_PRODUCTS_DIR; };
		812A416726443FA60075B756 /* AppDelegate.swift */ = {isa = PBXFileReference; lastKnownFileType = sourcecode.swift; path = AppDelegate.swift; sourceTree = "<group>"; };
		812A416E26443FA60075B756 /* Base */ = {isa = PBXFileReference; lastKnownFileType = file.storyboard; name = Base; path = Base.lproj/Main.storyboard; sourceTree = "<group>"; };
		812A417026443FA60075B756 /* Assets.xcassets */ = {isa = PBXFileReference; lastKnownFileType = folder.assetcatalog; path = Assets.xcassets; sourceTree = "<group>"; };
		812A417326443FA60075B756 /* Base */ = {isa = PBXFileReference; lastKnownFileType = file.storyboard; name = Base; path = Base.lproj/LaunchScreen.storyboard; sourceTree = "<group>"; };
		812A417526443FA60075B756 /* Info.plist */ = {isa = PBXFileReference; lastKnownFileType = text.plist.xml; path = Info.plist; sourceTree = "<group>"; };
		812A4195264480C00075B756 /* WaWeTests.xctest */ = {isa = PBXFileReference; explicitFileType = wrapper.cfbundle; includeInIndex = 0; path = WaWeTests.xctest; sourceTree = BUILT_PRODUCTS_DIR; };
		812A4197264480C00075B756 /* WaWeTests.swift */ = {isa = PBXFileReference; lastKnownFileType = sourcecode.swift; path = WaWeTests.swift; sourceTree = "<group>"; };
		812A4199264480C00075B756 /* Info.plist */ = {isa = PBXFileReference; lastKnownFileType = text.plist.xml; path = Info.plist; sourceTree = "<group>"; };
		812A419F264485870075B756 /* TabBarViewController.swift */ = {isa = PBXFileReference; fileEncoding = 4; lastKnownFileType = sourcecode.swift; path = TabBarViewController.swift; sourceTree = "<group>"; };
		812A41A2264485D90075B756 /* RealmDataManager.swift */ = {isa = PBXFileReference; fileEncoding = 4; lastKnownFileType = sourcecode.swift; path = RealmDataManager.swift; sourceTree = "<group>"; };
		812A41A3264485D90075B756 /* Recipes.swift */ = {isa = PBXFileReference; fileEncoding = 4; lastKnownFileType = sourcecode.swift; path = Recipes.swift; sourceTree = "<group>"; };
		81CB69352644892700F8F0BF /* RecipeServices.swift */ = {isa = PBXFileReference; fileEncoding = 4; lastKnownFileType = sourcecode.swift; path = RecipeServices.swift; sourceTree = "<group>"; };
		81CB69362644892700F8F0BF /* ParametersSupportedBySpoonacular.swift */ = {isa = PBXFileReference; fileEncoding = 4; lastKnownFileType = sourcecode.swift; path = ParametersSupportedBySpoonacular.swift; sourceTree = "<group>"; };
		81CB69372644892700F8F0BF /* Spoonacular.swift */ = {isa = PBXFileReference; fileEncoding = 4; lastKnownFileType = sourcecode.swift; path = Spoonacular.swift; sourceTree = "<group>"; };
		81CB693C264489F800F8F0BF /* Translate.swift */ = {isa = PBXFileReference; fileEncoding = 4; lastKnownFileType = sourcecode.swift; path = Translate.swift; sourceTree = "<group>"; };
		81CB693D264489F800F8F0BF /* TranslateServices.swift */ = {isa = PBXFileReference; fileEncoding = 4; lastKnownFileType = sourcecode.swift; path = TranslateServices.swift; sourceTree = "<group>"; };
		81CB694026448A6100F8F0BF /* ApiKey.swift */ = {isa = PBXFileReference; fileEncoding = 4; lastKnownFileType = sourcecode.swift; path = ApiKey.swift; sourceTree = "<group>"; };
		A5F705BA82437D327564A031 /* Pods-WaWe-WaWeTests.debug.xcconfig */ = {isa = PBXFileReference; includeInIndex = 1; lastKnownFileType = text.xcconfig; name = "Pods-WaWe-WaWeTests.debug.xcconfig"; path = "Target Support Files/Pods-WaWe-WaWeTests/Pods-WaWe-WaWeTests.debug.xcconfig"; sourceTree = "<group>"; };
		B5F84DC7F96F960153BCD686 /* Pods_WaWe.framework */ = {isa = PBXFileReference; explicitFileType = wrapper.framework; includeInIndex = 0; path = Pods_WaWe.framework; sourceTree = BUILT_PRODUCTS_DIR; };
		C29890B937987CADBBEB6747 /* Pods_WaWe_WaWeTests.framework */ = {isa = PBXFileReference; explicitFileType = wrapper.framework; includeInIndex = 0; path = Pods_WaWe_WaWeTests.framework; sourceTree = BUILT_PRODUCTS_DIR; };
		EF903A12D367F7CF393EE301 /* Pods-WaWe.release.xcconfig */ = {isa = PBXFileReference; includeInIndex = 1; lastKnownFileType = text.xcconfig; name = "Pods-WaWe.release.xcconfig"; path = "Target Support Files/Pods-WaWe/Pods-WaWe.release.xcconfig"; sourceTree = "<group>"; };
/* End PBXFileReference section */

/* Begin PBXFrameworksBuildPhase section */
		812A416126443FA60075B756 /* Frameworks */ = {
			isa = PBXFrameworksBuildPhase;
			buildActionMask = 2147483647;
			files = (
				EB584BE8D66E3AE2C3CFD3F9 /* Pods_WaWe.framework in Frameworks */,
			);
			runOnlyForDeploymentPostprocessing = 0;
		};
		812A4192264480C00075B756 /* Frameworks */ = {
			isa = PBXFrameworksBuildPhase;
			buildActionMask = 2147483647;
			files = (
				B0BF079A32E6D983C7A8047A /* Pods_WaWe_WaWeTests.framework in Frameworks */,
			);
			runOnlyForDeploymentPostprocessing = 0;
		};
/* End PBXFrameworksBuildPhase section */

/* Begin PBXGroup section */
		783EF0BF62EB775B7ECBB8DB /* Frameworks */ = {
			isa = PBXGroup;
			children = (
				B5F84DC7F96F960153BCD686 /* Pods_WaWe.framework */,
				C29890B937987CADBBEB6747 /* Pods_WaWe_WaWeTests.framework */,
			);
			name = Frameworks;
			sourceTree = "<group>";
		};
		812A415B26443FA60075B756 = {
			isa = PBXGroup;
			children = (
				812A416626443FA60075B756 /* WaWe */,
				812A4196264480C00075B756 /* WaWeTests */,
				812A416526443FA60075B756 /* Products */,
				AA0D68FF08B49371E894A319 /* Pods */,
				783EF0BF62EB775B7ECBB8DB /* Frameworks */,
			);
			sourceTree = "<group>";
		};
		812A416526443FA60075B756 /* Products */ = {
			isa = PBXGroup;
			children = (
				812A416426443FA60075B756 /* WaWe.app */,
				812A4195264480C00075B756 /* WaWeTests.xctest */,
			);
			name = Products;
			sourceTree = "<group>";
		};
		812A416626443FA60075B756 /* WaWe */ = {
			isa = PBXGroup;
			children = (
				812A41902644809D0075B756 /* Model */,
				812A418F264480380075B756 /* Controller */,
				812A418E264480260075B756 /* View */,
				812A418D26447FF30075B756 /* Other file */,
			);
			path = WaWe;
			sourceTree = "<group>";
		};
		812A418D26447FF30075B756 /* Other file */ = {
			isa = PBXGroup;
			children = (
				81CB694026448A6100F8F0BF /* ApiKey.swift */,
				812A417526443FA60075B756 /* Info.plist */,
				812A416726443FA60075B756 /* AppDelegate.swift */,
			);
			path = "Other file";
			sourceTree = "<group>";
		};
		812A418E264480260075B756 /* View */ = {
			isa = PBXGroup;
			children = (
				812A416D26443FA60075B756 /* Main.storyboard */,
				812A417026443FA60075B756 /* Assets.xcassets */,
				812A417226443FA60075B756 /* LaunchScreen.storyboard */,
			);
			path = View;
			sourceTree = "<group>";
		};
		812A418F264480380075B756 /* Controller */ = {
			isa = PBXGroup;
			children = (
				812A419F264485870075B756 /* TabBarViewController.swift */,
			);
			path = Controller;
			sourceTree = "<group>";
		};
		812A41902644809D0075B756 /* Model */ = {
			isa = PBXGroup;
			children = (
				81CB693B264489DD00F8F0BF /* Translate */,
				81CB69342644890200F8F0BF /* Recipe API */,
				812A41A1264485B60075B756 /* Realm Data */,
			);
			path = Model;
			sourceTree = "<group>";
		};
		812A4196264480C00075B756 /* WaWeTests */ = {
			isa = PBXGroup;
			children = (
				812A4197264480C00075B756 /* WaWeTests.swift */,
				812A4199264480C00075B756 /* Info.plist */,
			);
			path = WaWeTests;
			sourceTree = "<group>";
		};
		812A41A1264485B60075B756 /* Realm Data */ = {
			isa = PBXGroup;
			children = (
				812A41A2264485D90075B756 /* RealmDataManager.swift */,
				812A41A3264485D90075B756 /* Recipes.swift */,
			);
			path = "Realm Data";
			sourceTree = "<group>";
		};
		81CB69342644890200F8F0BF /* Recipe API */ = {
			isa = PBXGroup;
			children = (
				81CB69362644892700F8F0BF /* ParametersSupportedBySpoonacular.swift */,
				81CB69352644892700F8F0BF /* RecipeServices.swift */,
				81CB69372644892700F8F0BF /* Spoonacular.swift */,
			);
			path = "Recipe API";
			sourceTree = "<group>";
		};
		81CB693B264489DD00F8F0BF /* Translate */ = {
			isa = PBXGroup;
			children = (
				81CB693C264489F800F8F0BF /* Translate.swift */,
				81CB693D264489F800F8F0BF /* TranslateServices.swift */,
			);
			path = Translate;
			sourceTree = "<group>";
		};
		AA0D68FF08B49371E894A319 /* Pods */ = {
			isa = PBXGroup;
			children = (
				506ED3C707B6477154379224 /* Pods-WaWe.debug.xcconfig */,
				EF903A12D367F7CF393EE301 /* Pods-WaWe.release.xcconfig */,
				A5F705BA82437D327564A031 /* Pods-WaWe-WaWeTests.debug.xcconfig */,
				6F1A19B694D4FD4E0B02744F /* Pods-WaWe-WaWeTests.release.xcconfig */,
			);
			path = Pods;
			sourceTree = "<group>";
		};
/* End PBXGroup section */

/* Begin PBXNativeTarget section */
		812A416326443FA60075B756 /* WaWe */ = {
			isa = PBXNativeTarget;
			buildConfigurationList = 812A417826443FA60075B756 /* Build configuration list for PBXNativeTarget "WaWe" */;
			buildPhases = (
				2096FCCA79662CF95FB06B56 /* [CP] Check Pods Manifest.lock */,
				812A416026443FA60075B756 /* Sources */,
				812A416126443FA60075B756 /* Frameworks */,
				812A416226443FA60075B756 /* Resources */,
				210E139D168683925E4D8CEC /* [CP] Embed Pods Frameworks */,
			);
			buildRules = (
			);
			dependencies = (
			);
			name = WaWe;
			productName = WaWe;
			productReference = 812A416426443FA60075B756 /* WaWe.app */;
			productType = "com.apple.product-type.application";
		};
		812A4194264480C00075B756 /* WaWeTests */ = {
			isa = PBXNativeTarget;
			buildConfigurationList = 812A419C264480C00075B756 /* Build configuration list for PBXNativeTarget "WaWeTests" */;
			buildPhases = (
				DB79E452B7F9DC903BC1D197 /* [CP] Check Pods Manifest.lock */,
				812A4191264480C00075B756 /* Sources */,
				812A4192264480C00075B756 /* Frameworks */,
				812A4193264480C00075B756 /* Resources */,
				E3F5BE52649F1005B97A37C7 /* [CP] Embed Pods Frameworks */,
			);
			buildRules = (
			);
			dependencies = (
				812A419B264480C00075B756 /* PBXTargetDependency */,
			);
			name = WaWeTests;
			productName = WaWeTests;
			productReference = 812A4195264480C00075B756 /* WaWeTests.xctest */;
			productType = "com.apple.product-type.bundle.unit-test";
		};
/* End PBXNativeTarget section */

/* Begin PBXProject section */
		812A415C26443FA60075B756 /* Project object */ = {
			isa = PBXProject;
			attributes = {
				LastSwiftUpdateCheck = 1250;
				LastUpgradeCheck = 1250;
				TargetAttributes = {
					812A416326443FA60075B756 = {
						CreatedOnToolsVersion = 12.5;
					};
					812A4194264480C00075B756 = {
						CreatedOnToolsVersion = 12.5;
						TestTargetID = 812A416326443FA60075B756;
					};
				};
			};
			buildConfigurationList = 812A415F26443FA60075B756 /* Build configuration list for PBXProject "WaWe" */;
			compatibilityVersion = "Xcode 9.3";
			developmentRegion = en;
			hasScannedForEncodings = 0;
			knownRegions = (
				en,
				Base,
			);
			mainGroup = 812A415B26443FA60075B756;
			productRefGroup = 812A416526443FA60075B756 /* Products */;
			projectDirPath = "";
			projectRoot = "";
			targets = (
				812A416326443FA60075B756 /* WaWe */,
				812A4194264480C00075B756 /* WaWeTests */,
			);
		};
/* End PBXProject section */

/* Begin PBXResourcesBuildPhase section */
		812A416226443FA60075B756 /* Resources */ = {
			isa = PBXResourcesBuildPhase;
			buildActionMask = 2147483647;
			files = (
				812A417426443FA60075B756 /* LaunchScreen.storyboard in Resources */,
				812A417126443FA60075B756 /* Assets.xcassets in Resources */,
				812A416F26443FA60075B756 /* Main.storyboard in Resources */,
			);
			runOnlyForDeploymentPostprocessing = 0;
		};
		812A4193264480C00075B756 /* Resources */ = {
			isa = PBXResourcesBuildPhase;
			buildActionMask = 2147483647;
			files = (
			);
			runOnlyForDeploymentPostprocessing = 0;
		};
/* End PBXResourcesBuildPhase section */

/* Begin PBXShellScriptBuildPhase section */
		2096FCCA79662CF95FB06B56 /* [CP] Check Pods Manifest.lock */ = {
			isa = PBXShellScriptBuildPhase;
			buildActionMask = 2147483647;
			files = (
			);
			inputFileListPaths = (
			);
			inputPaths = (
				"${PODS_PODFILE_DIR_PATH}/Podfile.lock",
				"${PODS_ROOT}/Manifest.lock",
			);
			name = "[CP] Check Pods Manifest.lock";
			outputFileListPaths = (
			);
			outputPaths = (
				"$(DERIVED_FILE_DIR)/Pods-WaWe-checkManifestLockResult.txt",
			);
			runOnlyForDeploymentPostprocessing = 0;
			shellPath = /bin/sh;
			shellScript = "diff \"${PODS_PODFILE_DIR_PATH}/Podfile.lock\" \"${PODS_ROOT}/Manifest.lock\" > /dev/null\nif [ $? != 0 ] ; then\n    # print error to STDERR\n    echo \"error: The sandbox is not in sync with the Podfile.lock. Run 'pod install' or update your CocoaPods installation.\" >&2\n    exit 1\nfi\n# This output is used by Xcode 'outputs' to avoid re-running this script phase.\necho \"SUCCESS\" > \"${SCRIPT_OUTPUT_FILE_0}\"\n";
			showEnvVarsInLog = 0;
		};
		210E139D168683925E4D8CEC /* [CP] Embed Pods Frameworks */ = {
			isa = PBXShellScriptBuildPhase;
			buildActionMask = 2147483647;
			files = (
			);
			inputFileListPaths = (
				"${PODS_ROOT}/Target Support Files/Pods-WaWe/Pods-WaWe-frameworks-${CONFIGURATION}-input-files.xcfilelist",
			);
			name = "[CP] Embed Pods Frameworks";
			outputFileListPaths = (
				"${PODS_ROOT}/Target Support Files/Pods-WaWe/Pods-WaWe-frameworks-${CONFIGURATION}-output-files.xcfilelist",
			);
			runOnlyForDeploymentPostprocessing = 0;
			shellPath = /bin/sh;
			shellScript = "\"${PODS_ROOT}/Target Support Files/Pods-WaWe/Pods-WaWe-frameworks.sh\"\n";
			showEnvVarsInLog = 0;
		};
		DB79E452B7F9DC903BC1D197 /* [CP] Check Pods Manifest.lock */ = {
			isa = PBXShellScriptBuildPhase;
			buildActionMask = 2147483647;
			files = (
			);
			inputFileListPaths = (
			);
			inputPaths = (
				"${PODS_PODFILE_DIR_PATH}/Podfile.lock",
				"${PODS_ROOT}/Manifest.lock",
			);
			name = "[CP] Check Pods Manifest.lock";
			outputFileListPaths = (
			);
			outputPaths = (
				"$(DERIVED_FILE_DIR)/Pods-WaWe-WaWeTests-checkManifestLockResult.txt",
			);
			runOnlyForDeploymentPostprocessing = 0;
			shellPath = /bin/sh;
			shellScript = "diff \"${PODS_PODFILE_DIR_PATH}/Podfile.lock\" \"${PODS_ROOT}/Manifest.lock\" > /dev/null\nif [ $? != 0 ] ; then\n    # print error to STDERR\n    echo \"error: The sandbox is not in sync with the Podfile.lock. Run 'pod install' or update your CocoaPods installation.\" >&2\n    exit 1\nfi\n# This output is used by Xcode 'outputs' to avoid re-running this script phase.\necho \"SUCCESS\" > \"${SCRIPT_OUTPUT_FILE_0}\"\n";
			showEnvVarsInLog = 0;
		};
		E3F5BE52649F1005B97A37C7 /* [CP] Embed Pods Frameworks */ = {
			isa = PBXShellScriptBuildPhase;
			buildActionMask = 2147483647;
			files = (
			);
			inputFileListPaths = (
				"${PODS_ROOT}/Target Support Files/Pods-WaWe-WaWeTests/Pods-WaWe-WaWeTests-frameworks-${CONFIGURATION}-input-files.xcfilelist",
			);
			name = "[CP] Embed Pods Frameworks";
			outputFileListPaths = (
				"${PODS_ROOT}/Target Support Files/Pods-WaWe-WaWeTests/Pods-WaWe-WaWeTests-frameworks-${CONFIGURATION}-output-files.xcfilelist",
			);
			runOnlyForDeploymentPostprocessing = 0;
			shellPath = /bin/sh;
			shellScript = "\"${PODS_ROOT}/Target Support Files/Pods-WaWe-WaWeTests/Pods-WaWe-WaWeTests-frameworks.sh\"\n";
			showEnvVarsInLog = 0;
		};
/* End PBXShellScriptBuildPhase section */

/* Begin PBXSourcesBuildPhase section */
		812A416026443FA60075B756 /* Sources */ = {
			isa = PBXSourcesBuildPhase;
			buildActionMask = 2147483647;
			files = (
				81CB694126448A6100F8F0BF /* ApiKey.swift in Sources */,
				81CB693E264489F800F8F0BF /* Translate.swift in Sources */,
				812A41A0264485870075B756 /* TabBarViewController.swift in Sources */,
				81CB69392644892700F8F0BF /* ParametersSupportedBySpoonacular.swift in Sources */,
				81CB693F264489F800F8F0BF /* TranslateServices.swift in Sources */,
				812A416826443FA60075B756 /* AppDelegate.swift in Sources */,
				81CB69382644892700F8F0BF /* RecipeServices.swift in Sources */,
				81CB693A2644892700F8F0BF /* Spoonacular.swift in Sources */,
				812A41A4264485D90075B756 /* RealmDataManager.swift in Sources */,
				812A41A5264485D90075B756 /* Recipes.swift in Sources */,
			);
			runOnlyForDeploymentPostprocessing = 0;
		};
		812A4191264480C00075B756 /* Sources */ = {
			isa = PBXSourcesBuildPhase;
			buildActionMask = 2147483647;
			files = (
				812A4198264480C00075B756 /* WaWeTests.swift in Sources */,
			);
			runOnlyForDeploymentPostprocessing = 0;
		};
/* End PBXSourcesBuildPhase section */

/* Begin PBXTargetDependency section */
		812A419B264480C00075B756 /* PBXTargetDependency */ = {
			isa = PBXTargetDependency;
			target = 812A416326443FA60075B756 /* WaWe */;
			targetProxy = 812A419A264480C00075B756 /* PBXContainerItemProxy */;
		};
/* End PBXTargetDependency section */

/* Begin PBXVariantGroup section */
		812A416D26443FA60075B756 /* Main.storyboard */ = {
			isa = PBXVariantGroup;
			children = (
				812A416E26443FA60075B756 /* Base */,
			);
			name = Main.storyboard;
			sourceTree = "<group>";
		};
		812A417226443FA60075B756 /* LaunchScreen.storyboard */ = {
			isa = PBXVariantGroup;
			children = (
				812A417326443FA60075B756 /* Base */,
			);
			name = LaunchScreen.storyboard;
			sourceTree = "<group>";
		};
/* End PBXVariantGroup section */

/* Begin XCBuildConfiguration section */
		812A417626443FA60075B756 /* Debug */ = {
			isa = XCBuildConfiguration;
			buildSettings = {
				ALWAYS_SEARCH_USER_PATHS = NO;
				CLANG_ANALYZER_NONNULL = YES;
				CLANG_ANALYZER_NUMBER_OBJECT_CONVERSION = YES_AGGRESSIVE;
				CLANG_CXX_LANGUAGE_STANDARD = "gnu++14";
				CLANG_CXX_LIBRARY = "libc++";
				CLANG_ENABLE_MODULES = YES;
				CLANG_ENABLE_OBJC_ARC = YES;
				CLANG_ENABLE_OBJC_WEAK = YES;
				CLANG_WARN_BLOCK_CAPTURE_AUTORELEASING = YES;
				CLANG_WARN_BOOL_CONVERSION = YES;
				CLANG_WARN_COMMA = YES;
				CLANG_WARN_CONSTANT_CONVERSION = YES;
				CLANG_WARN_DEPRECATED_OBJC_IMPLEMENTATIONS = YES;
				CLANG_WARN_DIRECT_OBJC_ISA_USAGE = YES_ERROR;
				CLANG_WARN_DOCUMENTATION_COMMENTS = YES;
				CLANG_WARN_EMPTY_BODY = YES;
				CLANG_WARN_ENUM_CONVERSION = YES;
				CLANG_WARN_INFINITE_RECURSION = YES;
				CLANG_WARN_INT_CONVERSION = YES;
				CLANG_WARN_NON_LITERAL_NULL_CONVERSION = YES;
				CLANG_WARN_OBJC_IMPLICIT_RETAIN_SELF = YES;
				CLANG_WARN_OBJC_LITERAL_CONVERSION = YES;
				CLANG_WARN_OBJC_ROOT_CLASS = YES_ERROR;
				CLANG_WARN_QUOTED_INCLUDE_IN_FRAMEWORK_HEADER = YES;
				CLANG_WARN_RANGE_LOOP_ANALYSIS = YES;
				CLANG_WARN_STRICT_PROTOTYPES = YES;
				CLANG_WARN_SUSPICIOUS_MOVE = YES;
				CLANG_WARN_UNGUARDED_AVAILABILITY = YES_AGGRESSIVE;
				CLANG_WARN_UNREACHABLE_CODE = YES;
				CLANG_WARN__DUPLICATE_METHOD_MATCH = YES;
				COPY_PHASE_STRIP = NO;
				DEBUG_INFORMATION_FORMAT = dwarf;
				ENABLE_STRICT_OBJC_MSGSEND = YES;
				ENABLE_TESTABILITY = YES;
				GCC_C_LANGUAGE_STANDARD = gnu11;
				GCC_DYNAMIC_NO_PIC = NO;
				GCC_NO_COMMON_BLOCKS = YES;
				GCC_OPTIMIZATION_LEVEL = 0;
				GCC_PREPROCESSOR_DEFINITIONS = (
					"DEBUG=1",
					"$(inherited)",
				);
				GCC_WARN_64_TO_32_BIT_CONVERSION = YES;
				GCC_WARN_ABOUT_RETURN_TYPE = YES_ERROR;
				GCC_WARN_UNDECLARED_SELECTOR = YES;
				GCC_WARN_UNINITIALIZED_AUTOS = YES_AGGRESSIVE;
				GCC_WARN_UNUSED_FUNCTION = YES;
				GCC_WARN_UNUSED_VARIABLE = YES;
				IPHONEOS_DEPLOYMENT_TARGET = 14.5;
				MTL_ENABLE_DEBUG_INFO = INCLUDE_SOURCE;
				MTL_FAST_MATH = YES;
				ONLY_ACTIVE_ARCH = YES;
				SDKROOT = iphoneos;
				SWIFT_ACTIVE_COMPILATION_CONDITIONS = DEBUG;
				SWIFT_OPTIMIZATION_LEVEL = "-Onone";
			};
			name = Debug;
		};
		812A417726443FA60075B756 /* Release */ = {
			isa = XCBuildConfiguration;
			buildSettings = {
				ALWAYS_SEARCH_USER_PATHS = NO;
				CLANG_ANALYZER_NONNULL = YES;
				CLANG_ANALYZER_NUMBER_OBJECT_CONVERSION = YES_AGGRESSIVE;
				CLANG_CXX_LANGUAGE_STANDARD = "gnu++14";
				CLANG_CXX_LIBRARY = "libc++";
				CLANG_ENABLE_MODULES = YES;
				CLANG_ENABLE_OBJC_ARC = YES;
				CLANG_ENABLE_OBJC_WEAK = YES;
				CLANG_WARN_BLOCK_CAPTURE_AUTORELEASING = YES;
				CLANG_WARN_BOOL_CONVERSION = YES;
				CLANG_WARN_COMMA = YES;
				CLANG_WARN_CONSTANT_CONVERSION = YES;
				CLANG_WARN_DEPRECATED_OBJC_IMPLEMENTATIONS = YES;
				CLANG_WARN_DIRECT_OBJC_ISA_USAGE = YES_ERROR;
				CLANG_WARN_DOCUMENTATION_COMMENTS = YES;
				CLANG_WARN_EMPTY_BODY = YES;
				CLANG_WARN_ENUM_CONVERSION = YES;
				CLANG_WARN_INFINITE_RECURSION = YES;
				CLANG_WARN_INT_CONVERSION = YES;
				CLANG_WARN_NON_LITERAL_NULL_CONVERSION = YES;
				CLANG_WARN_OBJC_IMPLICIT_RETAIN_SELF = YES;
				CLANG_WARN_OBJC_LITERAL_CONVERSION = YES;
				CLANG_WARN_OBJC_ROOT_CLASS = YES_ERROR;
				CLANG_WARN_QUOTED_INCLUDE_IN_FRAMEWORK_HEADER = YES;
				CLANG_WARN_RANGE_LOOP_ANALYSIS = YES;
				CLANG_WARN_STRICT_PROTOTYPES = YES;
				CLANG_WARN_SUSPICIOUS_MOVE = YES;
				CLANG_WARN_UNGUARDED_AVAILABILITY = YES_AGGRESSIVE;
				CLANG_WARN_UNREACHABLE_CODE = YES;
				CLANG_WARN__DUPLICATE_METHOD_MATCH = YES;
				COPY_PHASE_STRIP = NO;
				DEBUG_INFORMATION_FORMAT = "dwarf-with-dsym";
				ENABLE_NS_ASSERTIONS = NO;
				ENABLE_STRICT_OBJC_MSGSEND = YES;
				GCC_C_LANGUAGE_STANDARD = gnu11;
				GCC_NO_COMMON_BLOCKS = YES;
				GCC_WARN_64_TO_32_BIT_CONVERSION = YES;
				GCC_WARN_ABOUT_RETURN_TYPE = YES_ERROR;
				GCC_WARN_UNDECLARED_SELECTOR = YES;
				GCC_WARN_UNINITIALIZED_AUTOS = YES_AGGRESSIVE;
				GCC_WARN_UNUSED_FUNCTION = YES;
				GCC_WARN_UNUSED_VARIABLE = YES;
				IPHONEOS_DEPLOYMENT_TARGET = 14.5;
				MTL_ENABLE_DEBUG_INFO = NO;
				MTL_FAST_MATH = YES;
				SDKROOT = iphoneos;
				SWIFT_COMPILATION_MODE = wholemodule;
				SWIFT_OPTIMIZATION_LEVEL = "-O";
				VALIDATE_PRODUCT = YES;
			};
			name = Release;
		};
		812A417926443FA60075B756 /* Debug */ = {
			isa = XCBuildConfiguration;
			baseConfigurationReference = 506ED3C707B6477154379224 /* Pods-WaWe.debug.xcconfig */;
			buildSettings = {
				ASSETCATALOG_COMPILER_APPICON_NAME = AppIcon;
				ASSETCATALOG_COMPILER_GLOBAL_ACCENT_COLOR_NAME = AccentColor;
				CODE_SIGN_STYLE = Automatic;
				DEVELOPMENT_TEAM = XJPLMV5UNX;
				INFOPLIST_FILE = "/Users/nathaliesimonnet/Desktop/P12_OpenClassrooms/WaWe/WaWe/Other file/Info.plist";
				IPHONEOS_DEPLOYMENT_TARGET = 10.0;
				LD_RUNPATH_SEARCH_PATHS = (
					"$(inherited)",
					"@executable_path/Frameworks",
				);
				PRODUCT_BUNDLE_IDENTIFIER = com.nathalieOrtonne.WaWe;
				PRODUCT_NAME = "$(TARGET_NAME)";
				SWIFT_VERSION = 5.0;
				TARGETED_DEVICE_FAMILY = 1;
			};
			name = Debug;
		};
		812A417A26443FA60075B756 /* Release */ = {
			isa = XCBuildConfiguration;
			baseConfigurationReference = EF903A12D367F7CF393EE301 /* Pods-WaWe.release.xcconfig */;
			buildSettings = {
				ASSETCATALOG_COMPILER_APPICON_NAME = AppIcon;
				ASSETCATALOG_COMPILER_GLOBAL_ACCENT_COLOR_NAME = AccentColor;
				CODE_SIGN_STYLE = Automatic;
				DEVELOPMENT_TEAM = XJPLMV5UNX;
				INFOPLIST_FILE = "/Users/nathaliesimonnet/Desktop/P12_OpenClassrooms/WaWe/WaWe/Other file/Info.plist";
				IPHONEOS_DEPLOYMENT_TARGET = 10.0;
				LD_RUNPATH_SEARCH_PATHS = (
					"$(inherited)",
					"@executable_path/Frameworks",
				);
				PRODUCT_BUNDLE_IDENTIFIER = com.nathalieOrtonne.WaWe;
				PRODUCT_NAME = "$(TARGET_NAME)";
				SWIFT_VERSION = 5.0;
				TARGETED_DEVICE_FAMILY = 1;
			};
			name = Release;
		};
		812A419D264480C00075B756 /* Debug */ = {
			isa = XCBuildConfiguration;
			baseConfigurationReference = A5F705BA82437D327564A031 /* Pods-WaWe-WaWeTests.debug.xcconfig */;
			buildSettings = {
				BUNDLE_LOADER = "$(TEST_HOST)";
				CODE_SIGN_STYLE = Automatic;
				DEVELOPMENT_TEAM = XJPLMV5UNX;
				INFOPLIST_FILE = WaWeTests/Info.plist;
				LD_RUNPATH_SEARCH_PATHS = (
					"$(inherited)",
					"@executable_path/Frameworks",
					"@loader_path/Frameworks",
				);
				PRODUCT_BUNDLE_IDENTIFIER = com.nathalieOrtonne.WaWeTests;
				PRODUCT_NAME = "$(TARGET_NAME)";
				SWIFT_VERSION = 5.0;
				TARGETED_DEVICE_FAMILY = "1,2";
				TEST_HOST = "$(BUILT_PRODUCTS_DIR)/WaWe.app/WaWe";
			};
			name = Debug;
		};
		812A419E264480C00075B756 /* Release */ = {
			isa = XCBuildConfiguration;
			baseConfigurationReference = 6F1A19B694D4FD4E0B02744F /* Pods-WaWe-WaWeTests.release.xcconfig */;
			buildSettings = {
				BUNDLE_LOADER = "$(TEST_HOST)";
				CODE_SIGN_STYLE = Automatic;
				DEVELOPMENT_TEAM = XJPLMV5UNX;
				INFOPLIST_FILE = WaWeTests/Info.plist;
				LD_RUNPATH_SEARCH_PATHS = (
					"$(inherited)",
					"@executable_path/Frameworks",
					"@loader_path/Frameworks",
				);
				PRODUCT_BUNDLE_IDENTIFIER = com.nathalieOrtonne.WaWeTests;
				PRODUCT_NAME = "$(TARGET_NAME)";
				SWIFT_VERSION = 5.0;
				TARGETED_DEVICE_FAMILY = "1,2";
				TEST_HOST = "$(BUILT_PRODUCTS_DIR)/WaWe.app/WaWe";
			};
			name = Release;
		};
/* End XCBuildConfiguration section */

/* Begin XCConfigurationList section */
		812A415F26443FA60075B756 /* Build configuration list for PBXProject "WaWe" */ = {
			isa = XCConfigurationList;
			buildConfigurations = (
				812A417626443FA60075B756 /* Debug */,
				812A417726443FA60075B756 /* Release */,
			);
			defaultConfigurationIsVisible = 0;
			defaultConfigurationName = Release;
		};
		812A417826443FA60075B756 /* Build configuration list for PBXNativeTarget "WaWe" */ = {
			isa = XCConfigurationList;
			buildConfigurations = (
				812A417926443FA60075B756 /* Debug */,
				812A417A26443FA60075B756 /* Release */,
			);
			defaultConfigurationIsVisible = 0;
			defaultConfigurationName = Release;
		};
		812A419C264480C00075B756 /* Build configuration list for PBXNativeTarget "WaWeTests" */ = {
			isa = XCConfigurationList;
			buildConfigurations = (
				812A419D264480C00075B756 /* Debug */,
				812A419E264480C00075B756 /* Release */,
			);
			defaultConfigurationIsVisible = 0;
			defaultConfigurationName = Release;
		};
/* End XCConfigurationList section */
	};
	rootObject = 812A415C26443FA60075B756 /* Project object */;
}
